{
  "name": "auto-refresher-extension",
  "version": "1.1.0",
  "lockfileVersion": 3,
  "requires": true,
  "packages": {
    "": {
      "name": "auto-refresher-extension",
      "version": "1.1.0",
      "license": "ISC",
      "dependencies": {
        "chrome-types": "^0.1.187"
      }
    },
    "node_modules/chrome-types": {
      "version": "0.1.187",
      "resolved": "https://registry.npmjs.org/chrome-types/-/chrome-types-0.1.187.tgz",
      "integrity": "sha512-/l8NVX1sWEqvYBwA4sGAS95h0ZTJo2+tGWHv2D8DRd12GXP+vm2BY31Gg5/strVJmJd0UgbqPk9CItvWR+1tpg=="
    }
  }
}
